
Microsoft Visual Studio Solution File, Format Version 12.00
# Visual Studio Version 16
VisualStudioVersion = 16.0.34902.97
MinimumVisualStudioVersion = 10.0.40219.1
Project("{FAE04EC0-301F-11D3-BF4B-00C04F79EFBC}") = "ConsoleAppClass", "ConsoleAppClass\ConsoleAppClass.csproj", "{B2473AB8-2CB6-40ED-9F72-B31B977DAB63}"
EndProject
Global
	GlobalSection(SolutionConfigurationPlatforms) = preSolution
		Debug|Any CPU = Debug|Any CPU
		Release|Any CPU = Release|Any CPU
	EndGlobalSection
	GlobalSection(ProjectConfigurationPlatforms) = postSolution
		{B2473AB8-2CB6-40ED-9F72-B31B977DAB63}.Debug|Any CPU.ActiveCfg = Debug|Any CPU
		{B2473AB8-2CB6-40ED-9F72-B31B977DAB63}.Debug|Any CPU.Build.0 = Debug|Any CPU
		{B2473AB8-2CB6-40ED-9F72-B31B977DAB63}.Release|Any CPU.ActiveCfg = Release|Any CPU
		{B2473AB8-2CB6-40ED-9F72-B31B977DAB63}.Release|Any CPU.Build.0 = Release|Any CPU
	EndGlobalSection
	GlobalSection(SolutionProperties) = preSolution
		HideSolutionNode = FALSE
	EndGlobalSection
	GlobalSection(ExtensibilityGlobals) = postSolution
		SolutionGuid = {BEA2246A-02BD-4281-B65D-74100A4FA8F3}
	EndGlobalSection
EndGlobal
